{
  "version": "5",
  "redirects": {
    "https://esm.sh/@supabase/node-fetch@^2.6.13?target=denonext": "https://esm.sh/@supabase/node-fetch@2.6.15?target=denonext",
    "https://esm.sh/@supabase/node-fetch@^2.6.14?target=denonext": "https://esm.sh/@supabase/node-fetch@2.6.15?target=denonext",
    "https://esm.sh/@supabase/supabase-js": "https://esm.sh/@supabase/supabase-js@2.50.3",
    "https://esm.sh/isows@^1.0.7?target=denonext": "https://esm.sh/isows@1.0.7?target=denonext",
    "https://esm.sh/tr46@~0.0.3?target=denonext": "https://esm.sh/tr46@0.0.3?target=denonext",
    "https://esm.sh/webidl-conversions@^3.0.0?target=denonext": "https://esm.sh/webidl-conversions@3.0.1?target=denonext",
    "https://esm.sh/whatwg-url@^5.0.0?target=denonext": "https://esm.sh/whatwg-url@5.0.0?target=denonext"
  },
  "remote": {
    "https://deno.land/std@0.152.0/async/abortable.ts": "87aa7230be8360c24ad437212311c9e8d4328854baec27b4c7abb26e85515c06",
    "https://deno.land/std@0.152.0/async/deadline.ts": "48ac998d7564969f3e6ec6b6f9bf0217ebd00239b1b2292feba61272d5dd58d0",
    "https://deno.land/std@0.152.0/async/debounce.ts": "564273ef242bcfcda19a439132f940db8694173abffc159ea34f07d18fc42620",
    "https://deno.land/std@0.152.0/async/deferred.ts": "bc18e28108252c9f67dfca2bbc4587c3cbf3aeb6e155f8c864ca8ecff992b98a",
    "https://deno.land/std@0.152.0/async/delay.ts": "cbbdf1c87d1aed8edc7bae13592fb3e27e3106e0748f089c263390d4f49e5f6c",
    "https://deno.land/std@0.152.0/async/mod.ts": "dd0a8ed4f3984ffabe2fcca7c9f466b7932d57b1864ffee148a5d5388316db6b",
    "https://deno.land/std@0.152.0/async/mux_async_iterator.ts": "5b4aca6781ad0f2e19ccdf1d1a1c092ccd3e00d52050d9c27c772658c8367256",
    "https://deno.land/std@0.152.0/async/pool.ts": "ef9eb97b388543acbf0ac32647121e4dbe629236899586c4d4311a8770fbb239",
    "https://deno.land/std@0.152.0/async/tee.ts": "bcfae0017ebb718cf4eef9e2420e8675d91cb1bcc0ed9b668681af6e6caad846",
    "https://deno.land/std@0.152.0/dotenv/load.ts": "9adeb1fb395f991f958a06c8b3adafdcbac0056e7a6a35bf9d33eab6347ef63c",
    "https://deno.land/std@0.152.0/dotenv/mod.ts": "3ad3c1caddb82bf9413686e8cfe24272b77089bc15e8840bdeccad4655e3a8db",
    "https://deno.land/std@0.152.0/dotenv/util.ts": "6cc392f087577a26a27f0463f77cc0c31a390aa055917099935b36eb2454592d",
    "https://deno.land/std@0.152.0/http/server.ts": "0b0a9f3abfcfecead944b31ee9098a0c11a59b0495bf873ee200eb80e7441483",
    "https://esm.sh/@supabase/auth-js@2.70.0/denonext/auth-js.mjs": "51f137a91dc64489abf1a500582918ee5042e1e0b64c167f26a3b6d2f807f43c",
    "https://esm.sh/@supabase/functions-js@2.4.5/denonext/functions-js.mjs": "acfcb4db90c292c335a9dbb5664485f5e0b680533d68e6942abb9387ec7e0d0b",
    "https://esm.sh/@supabase/node-fetch@2.6.15/denonext/node-fetch.mjs": "0bae9052231f4f6dbccc7234d05ea96923dbf967be12f402764580b6bf9f713d",
    "https://esm.sh/@supabase/node-fetch@2.6.15?target=denonext": "4d28c4ad97328403184353f68434f2b6973971507919e9150297413664919cf3",
    "https://esm.sh/@supabase/postgrest-js@1.19.4/denonext/postgrest-js.mjs": "2073b5552ba10c7a8302bffffae771e3aede1daf833382355dae239fb0ab2576",
    "https://esm.sh/@supabase/realtime-js@2.11.15/denonext/realtime-js.mjs": "3b7511415165a1b503eae1dfbc10814ef3d0c1c866c97fdec4f6714bfa34a847",
    "https://esm.sh/@supabase/storage-js@2.7.1/denonext/storage-js.mjs": "73ac8cdc95cfcd794fe603dbd7ce06d539ab51538ae6467eabe0f9cc26c993aa",
    "https://esm.sh/@supabase/supabase-js@2.50.3": "4fa1366e23dd8aaadcecafdc272e4eb7d0fb6896a186ab8cf7f62db74b300826",
    "https://esm.sh/@supabase/supabase-js@2.50.3/denonext/supabase-js.mjs": "b333e6ade6dd2092a2685adfda71ea8a64bd0a8e1820a14b7f1d5dcdf8ac9cc7",
    "https://esm.sh/isows@1.0.7/denonext/isows.mjs": "be1812ebbf28737b43588bbcbd89bf43345e3d58d32be13def331d12361045b4",
    "https://esm.sh/isows@1.0.7?target=denonext": "31b7306eada995ba18e29841d688a42bcc0166caf302e1b183b6d2a7c649f262",
    "https://esm.sh/tr46@0.0.3/denonext/tr46.mjs": "5753ec0a99414f4055f0c1f97691100f13d88e48a8443b00aebb90a512785fa2",
    "https://esm.sh/tr46@0.0.3?target=denonext": "19cb9be0f0d418a0c3abb81f2df31f080e9540a04e43b0f699bce1149cba0cbb",
    "https://esm.sh/webidl-conversions@3.0.1/denonext/webidl-conversions.mjs": "54b5c2d50a294853c4ccebf9d5ed8988c94f4e24e463d84ec859a866ea5fafec",
    "https://esm.sh/webidl-conversions@3.0.1?target=denonext": "4e20318d50528084616c79d7b3f6e7f0fe7b6d09013bd01b3974d7448d767e29",
    "https://esm.sh/whatwg-url@5.0.0/denonext/whatwg-url.mjs": "29b16d74ee72624c915745bbd25b617cfd2248c6af0f5120d131e232a9a9af79",
    "https://esm.sh/whatwg-url@5.0.0?target=denonext": "f001a2cadf81312d214ca330033f474e74d81a003e21e8c5d70a1f46dc97b02d"
  },
  "workspace": {
    "packageJson": {
      "dependencies": [
        "npm:@hookform/resolvers@^3.9.1",
        "npm:@radix-ui/react-accordion@^1.2.2",
        "npm:@radix-ui/react-alert-dialog@^1.1.4",
        "npm:@radix-ui/react-aspect-ratio@^1.1.1",
        "npm:@radix-ui/react-avatar@^1.1.2",
        "npm:@radix-ui/react-checkbox@^1.1.3",
        "npm:@radix-ui/react-collapsible@^1.1.2",
        "npm:@radix-ui/react-context-menu@^2.2.4",
        "npm:@radix-ui/react-dialog@^1.1.4",
        "npm:@radix-ui/react-dropdown-menu@^2.1.4",
        "npm:@radix-ui/react-hover-card@^1.1.4",
        "npm:@radix-ui/react-label@^2.1.1",
        "npm:@radix-ui/react-menubar@^1.1.4",
        "npm:@radix-ui/react-navigation-menu@^1.2.3",
        "npm:@radix-ui/react-popover@^1.1.4",
        "npm:@radix-ui/react-progress@^1.1.1",
        "npm:@radix-ui/react-radio-group@^1.2.2",
        "npm:@radix-ui/react-scroll-area@^1.2.2",
        "npm:@radix-ui/react-select@^2.1.4",
        "npm:@radix-ui/react-separator@^1.1.1",
        "npm:@radix-ui/react-slider@^1.2.2",
        "npm:@radix-ui/react-slot@^1.1.1",
        "npm:@radix-ui/react-switch@latest",
        "npm:@radix-ui/react-tabs@latest",
        "npm:@radix-ui/react-toast@^1.2.4",
        "npm:@radix-ui/react-toggle-group@^1.1.1",
        "npm:@radix-ui/react-toggle@^1.1.1",
        "npm:@radix-ui/react-tooltip@latest",
        "npm:@supabase/ssr@latest",
        "npm:@supabase/supabase-js@^2.49.4",
        "npm:@tailwindcss/typography@~0.5.16",
        "npm:@tiptap/extension-color@^2.22.3",
        "npm:@tiptap/extension-dropcursor@^2.22.3",
        "npm:@tiptap/extension-highlight@^2.22.3",
        "npm:@tiptap/extension-image@^2.22.3",
        "npm:@tiptap/extension-link@^2.22.3",
        "npm:@tiptap/extension-placeholder@^2.22.3",
        "npm:@tiptap/extension-table-cell@^2.22.3",
        "npm:@tiptap/extension-table-header@^2.22.3",
        "npm:@tiptap/extension-table-row@^2.22.3",
        "npm:@tiptap/extension-table@^2.22.3",
        "npm:@tiptap/extension-task-item@^2.22.3",
        "npm:@tiptap/extension-task-list@^2.22.3",
        "npm:@tiptap/extension-text-style@^2.22.3",
        "npm:@tiptap/extension-typography@^2.22.3",
        "npm:@tiptap/extension-underline@^2.22.3",
        "npm:@tiptap/pm@^2.22.3",
        "npm:@tiptap/react@^2.22.3",
        "npm:@tiptap/starter-kit@^2.22.3",
        "npm:@types/node@22",
        "npm:@types/react-dom@19",
        "npm:@types/react@19",
        "npm:@types/uuid@10",
        "npm:autoprefixer@^10.4.20",
        "npm:class-variance-authority@~0.7.1",
        "npm:clsx@^2.1.1",
        "npm:cmdk@1.0.4",
        "npm:date-fns@^3.6.0",
        "npm:embla-carousel-react@8.5.1",
        "npm:eslint-config-next@15.3.3",
        "npm:eslint@9.28.0",
        "npm:exceljs@^4.4.0",
        "npm:input-otp@1.4.1",
        "npm:lucide-react@0.454",
        "npm:next-themes@~0.4.6",
        "npm:next@15.2.4",
        "npm:postcss@8",
        "npm:react-day-picker@9",
        "npm:react-dom@19",
        "npm:react-hook-form@^7.54.1",
        "npm:react-markdown@^10.1.0",
        "npm:react-resizable-panels@^2.1.7",
        "npm:react@19",
        "npm:recharts@2.15.0",
        "npm:remark-gfm@^4.0.1",
        "npm:sonner@^1.7.1",
        "npm:tailwind-merge@^2.5.5",
        "npm:tailwindcss-animate@^1.0.7",
        "npm:tailwindcss@^3.4.17",
        "npm:typescript@5",
        "npm:usehooks-ts@^3.1.1",
        "npm:uuid@^11.1.0",
        "npm:zod@^3.24.1",
        "npm:zustand@^5.0.3"
      ]
    }
  }
}
